{
  "requires": true,
  "lockfileVersion": 1,
  "dependencies": {
    "flip": {
      "version": "github:nnattawat/flip#cbfef47f6248b42ff5b860cc2cad888d4e0c1b9a",
      "from": "github:nnattawat/flip"
    },
    "jquery": {
      "version": "3.5.1",
      "resolved": "https://registry.npmjs.org/jquery/-/jquery-3.5.1.tgz",
      "integrity": "sha512-XwIBPqcMn57FxfT+Go5pzySnm4KWkT1Tv7gjrpT1srtf8Weynl6R273VJ5GjkRb51IzMp5nbaPjJXMWeju2MKg=="
    }
  }
}
